// !$*UTF8*$!
{
	archiveVersion = 1;
	classes = {
	};
	objectVersion = 46;
	objects = {

/* Begin PBXBuildFile section */
		718C263419B74DC900B19A36 /* libUAirship-4.0.3.a in Frameworks */ = {isa = PBXBuildFile; fileRef = 718C263319B74DC900B19A36 /* libUAirship-4.0.3.a */; };
		718C26DC19B74DD700B19A36 /* UADateUtils.m in Sources */ = {isa = PBXBuildFile; fileRef = 718C269419B74DD700B19A36 /* UADateUtils.m */; };
		718C26DD19B74DD700B19A36 /* UAInboxAlertHandler.m in Sources */ = {isa = PBXBuildFile; fileRef = 718C269619B74DD700B19A36 /* UAInboxAlertHandler.m */; };
		718C26DE19B74DD700B19A36 /* UAInboxMessageListCell.m in Sources */ = {isa = PBXBuildFile; fileRef = 718C269819B74DD700B19A36 /* UAInboxMessageListCell.m */; };
		718C26DF19B74DD700B19A36 /* UAInboxMessageListController.m in Sources */ = {isa = PBXBuildFile; fileRef = 718C269A19B74DD700B19A36 /* UAInboxMessageListController.m */; };
		718C26E019B74DD700B19A36 /* UAInboxMessageViewController.m in Sources */ = {isa = PBXBuildFile; fileRef = 718C269C19B74DD700B19A36 /* UAInboxMessageViewController.m */; };
		718C26E119B74DD700B19A36 /* UAInboxNavUI.m in Sources */ = {isa = PBXBuildFile; fileRef = 718C269E19B74DD700B19A36 /* UAInboxNavUI.m */; };
		718C26E219B74DD700B19A36 /* UAInboxUI.m in Sources */ = {isa = PBXBuildFile; fileRef = 718C26A019B74DD700B19A36 /* UAInboxUI.m */; };
		718C26E319B74DD700B19A36 /* UALocationDemoAnnotation.m in Sources */ = {isa = PBXBuildFile; fileRef = 718C26AD19B74DD700B19A36 /* UALocationDemoAnnotation.m */; };
		718C26E419B74DD700B19A36 /* UALocationSettingsViewController.m in Sources */ = {isa = PBXBuildFile; fileRef = 718C26AF19B74DD700B19A36 /* UALocationSettingsViewController.m */; };
		718C26E519B74DD700B19A36 /* UAMapPresentationController.m in Sources */ = {isa = PBXBuildFile; fileRef = 718C26B119B74DD700B19A36 /* UAMapPresentationController.m */; };
		718C26E619B74DD700B19A36 /* UAPushMoreSettingsViewController.m in Sources */ = {isa = PBXBuildFile; fileRef = 718C26B319B74DD700B19A36 /* UAPushMoreSettingsViewController.m */; };
		718C26E719B74DD700B19A36 /* UAPushNotificationHandler.m in Sources */ = {isa = PBXBuildFile; fileRef = 718C26B519B74DD700B19A36 /* UAPushNotificationHandler.m */; };
		718C26E819B74DD700B19A36 /* UAPushSettingsAddTagViewController.m in Sources */ = {isa = PBXBuildFile; fileRef = 718C26B719B74DD700B19A36 /* UAPushSettingsAddTagViewController.m */; };
		718C26E919B74DD700B19A36 /* UAPushSettingsAliasViewController.m in Sources */ = {isa = PBXBuildFile; fileRef = 718C26B919B74DD700B19A36 /* UAPushSettingsAliasViewController.m */; };
		718C26EA19B74DD700B19A36 /* UAPushSettingsChannelInfoViewController.m in Sources */ = {isa = PBXBuildFile; fileRef = 718C26BB19B74DD700B19A36 /* UAPushSettingsChannelInfoViewController.m */; };
		718C26EB19B74DD700B19A36 /* UAPushSettingsSoundsViewController.m in Sources */ = {isa = PBXBuildFile; fileRef = 718C26BD19B74DD700B19A36 /* UAPushSettingsSoundsViewController.m */; };
		718C26EC19B74DD700B19A36 /* UAPushSettingsTagsViewController.m in Sources */ = {isa = PBXBuildFile; fileRef = 718C26BF19B74DD700B19A36 /* UAPushSettingsTagsViewController.m */; };
		718C26ED19B74DD700B19A36 /* UAPushSettingsTokenViewController.m in Sources */ = {isa = PBXBuildFile; fileRef = 718C26C119B74DD700B19A36 /* UAPushSettingsTokenViewController.m */; };
		718C26EE19B74DD700B19A36 /* UAPushSettingsUserInfoViewController.m in Sources */ = {isa = PBXBuildFile; fileRef = 718C26C319B74DD700B19A36 /* UAPushSettingsUserInfoViewController.m */; };
		718C26EF19B74DD700B19A36 /* UAPushSettingsViewController.m in Sources */ = {isa = PBXBuildFile; fileRef = 718C26C519B74DD700B19A36 /* UAPushSettingsViewController.m */; };
		718C26F019B74DD700B19A36 /* UAPushUI.m in Sources */ = {isa = PBXBuildFile; fileRef = 718C26C719B74DD700B19A36 /* UAPushUI.m */; };
		B31B6D5215C13D5200854074 /* Foundation.framework in Frameworks */ = {isa = PBXBuildFile; fileRef = B31B6D5115C13D5200854074 /* Foundation.framework */; };
		B31B6D6F15C1467100854074 /* CoreFoundation.framework in Frameworks */ = {isa = PBXBuildFile; fileRef = B31B6D6E15C1467100854074 /* CoreFoundation.framework */; };
		B37C3A5D162717A200B50A60 /* ForgeCore.framework in Frameworks */ = {isa = PBXBuildFile; fileRef = B37C3A5C162717A200B50A60 /* ForgeCore.framework */; };
		B3CC61F21716ECB500A1A8EF /* urbanairship_API.m in Sources */ = {isa = PBXBuildFile; fileRef = B3CC61F01716ECB500A1A8EF /* urbanairship_API.m */; };
		B3CC61F41716ECBB00A1A8EF /* urbanairship_EventListener.m in Sources */ = {isa = PBXBuildFile; fileRef = B3CC61F31716ECBB00A1A8EF /* urbanairship_EventListener.m */; };
		B3FC51F815C151E5003574D9 /* UIKit.framework in Frameworks */ = {isa = PBXBuildFile; fileRef = B3FC51F715C151E5003574D9 /* UIKit.framework */; };
		B3FC51FF15C1523D003574D9 /* CoreGraphics.framework in Frameworks */ = {isa = PBXBuildFile; fileRef = B3FC51FE15C1523D003574D9 /* CoreGraphics.framework */; };
		B3FC524215C177EA003574D9 /* AssetsLibrary.framework in Frameworks */ = {isa = PBXBuildFile; fileRef = B3FC524115C177EA003574D9 /* AssetsLibrary.framework */; };
		B3FC524815C17B2C003574D9 /* SystemConfiguration.framework in Frameworks */ = {isa = PBXBuildFile; fileRef = B3FC524715C17B2C003574D9 /* SystemConfiguration.framework */; };
		C197C7AE17734BD6008FD463 /* UAAppDelegateSurrogate.m in Sources */ = {isa = PBXBuildFile; fileRef = C197C7AC17734BD6008FD463 /* UAAppDelegateSurrogate.m */; };
/* End PBXBuildFile section */

/* Begin PBXFileReference section */
		718C263319B74DC900B19A36 /* libUAirship-4.0.3.a */ = {isa = PBXFileReference; lastKnownFileType = archive.ar; name = "libUAirship-4.0.3.a"; path = "Airship/libUAirship-4.0.3.a"; sourceTree = "<group>"; };
		718C263719B74DD600B19A36 /* UANativeBridge.h */ = {isa = PBXFileReference; fileEncoding = 4; lastKnownFileType = sourcecode.c.h; path = UANativeBridge.h; sourceTree = "<group>"; };
		718C263919B74DD600B19A36 /* UALandingPageAction.h */ = {isa = PBXFileReference; fileEncoding = 4; lastKnownFileType = sourcecode.c.h; path = UALandingPageAction.h; sourceTree = "<group>"; };
		718C263A19B74DD600B19A36 /* NSJSONSerialization+UAAdditions.h */ = {isa = PBXFileReference; fileEncoding = 4; lastKnownFileType = sourcecode.c.h; path = "NSJSONSerialization+UAAdditions.h"; sourceTree = "<group>"; };
		718C263B19B74DD600B19A36 /* NSString+UAURLEncoding.h */ = {isa = PBXFileReference; fileEncoding = 4; lastKnownFileType = sourcecode.c.h; path = "NSString+UAURLEncoding.h"; sourceTree = "<group>"; };
		718C263C19B74DD600B19A36 /* UAAction+Operators.h */ = {isa = PBXFileReference; fileEncoding = 4; lastKnownFileType = sourcecode.c.h; path = "UAAction+Operators.h"; sourceTree = "<group>"; };
		718C263D19B74DD600B19A36 /* UAAction.h */ = {isa = PBXFileReference; fileEncoding = 4; lastKnownFileType = sourcecode.c.h; path = UAAction.h; sourceTree = "<group>"; };
		718C263E19B74DD600B19A36 /* UAActionArguments.h */ = {isa = PBXFileReference; fileEncoding = 4; lastKnownFileType = sourcecode.c.h; path = UAActionArguments.h; sourceTree = "<group>"; };
		718C263F19B74DD600B19A36 /* UAActionJSDelegate.h */ = {isa = PBXFileReference; fileEncoding = 4; lastKnownFileType = sourcecode.c.h; path = UAActionJSDelegate.h; sourceTree = "<group>"; };
		718C264019B74DD600B19A36 /* UAActionRegistry.h */ = {isa = PBXFileReference; fileEncoding = 4; lastKnownFileType = sourcecode.c.h; path = UAActionRegistry.h; sourceTree = "<group>"; };
		718C264119B74DD600B19A36 /* UAActionRegistryEntry.h */ = {isa = PBXFileReference; fileEncoding = 4; lastKnownFileType = sourcecode.c.h; path = UAActionRegistryEntry.h; sourceTree = "<group>"; };
		718C264219B74DD600B19A36 /* UAActionResult.h */ = {isa = PBXFileReference; fileEncoding = 4; lastKnownFileType = sourcecode.c.h; path = UAActionResult.h; sourceTree = "<group>"; };
		718C264319B74DD600B19A36 /* UAActionRunner.h */ = {isa = PBXFileReference; fileEncoding = 4; lastKnownFileType = sourcecode.c.h; path = UAActionRunner.h; sourceTree = "<group>"; };
		718C264419B74DD600B19A36 /* UAAddTagsAction.h */ = {isa = PBXFileReference; fileEncoding = 4; lastKnownFileType = sourcecode.c.h; path = UAAddTagsAction.h; sourceTree = "<group>"; };
		718C264519B74DD600B19A36 /* UAAggregateActionResult.h */ = {isa = PBXFileReference; fileEncoding = 4; lastKnownFileType = sourcecode.c.h; path = UAAggregateActionResult.h; sourceTree = "<group>"; };
		718C264619B74DD600B19A36 /* UAAnalytics.h */ = {isa = PBXFileReference; fileEncoding = 4; lastKnownFileType = sourcecode.c.h; path = UAAnalytics.h; sourceTree = "<group>"; };
		718C264719B74DD600B19A36 /* UAAnalyticsDBManager.h */ = {isa = PBXFileReference; fileEncoding = 4; lastKnownFileType = sourcecode.c.h; path = UAAnalyticsDBManager.h; sourceTree = "<group>"; };
		718C264819B74DD600B19A36 /* UAAppDelegate.h */ = {isa = PBXFileReference; fileEncoding = 4; lastKnownFileType = sourcecode.c.h; path = UAAppDelegate.h; sourceTree = "<group>"; };
		718C264919B74DD600B19A36 /* UAAppDelegateProxy.h */ = {isa = PBXFileReference; fileEncoding = 4; lastKnownFileType = sourcecode.c.h; path = UAAppDelegateProxy.h; sourceTree = "<group>"; };
		718C264A19B74DD600B19A36 /* UAApplicationMetrics.h */ = {isa = PBXFileReference; fileEncoding = 4; lastKnownFileType = sourcecode.c.h; path = UAApplicationMetrics.h; sourceTree = "<group>"; };
		718C264B19B74DD600B19A36 /* UABaseLocationProvider.h */ = {isa = PBXFileReference; fileEncoding = 4; lastKnownFileType = sourcecode.c.h; path = UABaseLocationProvider.h; sourceTree = "<group>"; };
		718C264C19B74DD600B19A36 /* UABespokeCloseView.h */ = {isa = PBXFileReference; fileEncoding = 4; lastKnownFileType = sourcecode.c.h; path = UABespokeCloseView.h; sourceTree = "<group>"; };
		718C264D19B74DD700B19A36 /* UABeveledLoadingIndicator.h */ = {isa = PBXFileReference; fileEncoding = 4; lastKnownFileType = sourcecode.c.h; path = UABeveledLoadingIndicator.h; sourceTree = "<group>"; };
		718C264E19B74DD700B19A36 /* UACloseWindowAction.h */ = {isa = PBXFileReference; fileEncoding = 4; lastKnownFileType = sourcecode.c.h; path = UACloseWindowAction.h; sourceTree = "<group>"; };
		718C264F19B74DD700B19A36 /* UAConfig.h */ = {isa = PBXFileReference; fileEncoding = 4; lastKnownFileType = sourcecode.c.h; path = UAConfig.h; sourceTree = "<group>"; };
		718C265019B74DD700B19A36 /* UADelayOperation.h */ = {isa = PBXFileReference; fileEncoding = 4; lastKnownFileType = sourcecode.c.h; path = UADelayOperation.h; sourceTree = "<group>"; };
		718C265119B74DD700B19A36 /* UADisposable.h */ = {isa = PBXFileReference; fileEncoding = 4; lastKnownFileType = sourcecode.c.h; path = UADisposable.h; sourceTree = "<group>"; };
		718C265219B74DD700B19A36 /* UAEvent.h */ = {isa = PBXFileReference; fileEncoding = 4; lastKnownFileType = sourcecode.c.h; path = UAEvent.h; sourceTree = "<group>"; };
		718C265319B74DD700B19A36 /* UAGlobal.h */ = {isa = PBXFileReference; fileEncoding = 4; lastKnownFileType = sourcecode.c.h; path = UAGlobal.h; sourceTree = "<group>"; };
		718C265419B74DD700B19A36 /* UAHTTPConnection.h */ = {isa = PBXFileReference; fileEncoding = 4; lastKnownFileType = sourcecode.c.h; path = UAHTTPConnection.h; sourceTree = "<group>"; };
		718C265519B74DD700B19A36 /* UAHTTPConnectionOperation.h */ = {isa = PBXFileReference; fileEncoding = 4; lastKnownFileType = sourcecode.c.h; path = UAHTTPConnectionOperation.h; sourceTree = "<group>"; };
		718C265619B74DD700B19A36 /* UAHTTPRequest.h */ = {isa = PBXFileReference; fileEncoding = 4; lastKnownFileType = sourcecode.c.h; path = UAHTTPRequest.h; sourceTree = "<group>"; };
		718C265719B74DD700B19A36 /* UAHTTPRequestEngine.h */ = {isa = PBXFileReference; fileEncoding = 4; lastKnownFileType = sourcecode.c.h; path = UAHTTPRequestEngine.h; sourceTree = "<group>"; };
		718C265819B74DD700B19A36 /* UAIncomingPushAction.h */ = {isa = PBXFileReference; fileEncoding = 4; lastKnownFileType = sourcecode.c.h; path = UAIncomingPushAction.h; sourceTree = "<group>"; };
		718C265919B74DD700B19A36 /* UAIncomingRichPushAction.h */ = {isa = PBXFileReference; fileEncoding = 4; lastKnownFileType = sourcecode.c.h; path = UAIncomingRichPushAction.h; sourceTree = "<group>"; };
		718C265A19B74DD700B19A36 /* UAirship.h */ = {isa = PBXFileReference; fileEncoding = 4; lastKnownFileType = sourcecode.c.h; path = UAirship.h; sourceTree = "<group>"; };
		718C265B19B74DD700B19A36 /* UAJavaScriptDelegate.h */ = {isa = PBXFileReference; fileEncoding = 4; lastKnownFileType = sourcecode.c.h; path = UAJavaScriptDelegate.h; sourceTree = "<group>"; };
		718C265C19B74DD700B19A36 /* UAKeychainUtils.h */ = {isa = PBXFileReference; fileEncoding = 4; lastKnownFileType = sourcecode.c.h; path = UAKeychainUtils.h; sourceTree = "<group>"; };
		718C265D19B74DD700B19A36 /* UALandingPageOverlayController.h */ = {isa = PBXFileReference; fileEncoding = 4; lastKnownFileType = sourcecode.c.h; path = UALandingPageOverlayController.h; sourceTree = "<group>"; };
		718C265E19B74DD700B19A36 /* UALocationCommonValues.h */ = {isa = PBXFileReference; fileEncoding = 4; lastKnownFileType = sourcecode.c.h; path = UALocationCommonValues.h; sourceTree = "<group>"; };
		718C265F19B74DD700B19A36 /* UALocationEvent.h */ = {isa = PBXFileReference; fileEncoding = 4; lastKnownFileType = sourcecode.c.h; path = UALocationEvent.h; sourceTree = "<group>"; };
		718C266019B74DD700B19A36 /* UALocationProviderDelegate.h */ = {isa = PBXFileReference; fileEncoding = 4; lastKnownFileType = sourcecode.c.h; path = UALocationProviderDelegate.h; sourceTree = "<group>"; };
		718C266119B74DD700B19A36 /* UALocationProviderProtocol.h */ = {isa = PBXFileReference; fileEncoding = 4; lastKnownFileType = sourcecode.c.h; path = UALocationProviderProtocol.h; sourceTree = "<group>"; };
		718C266219B74DD700B19A36 /* UALocationService.h */ = {isa = PBXFileReference; fileEncoding = 4; lastKnownFileType = sourcecode.c.h; path = UALocationService.h; sourceTree = "<group>"; };
		718C266319B74DD700B19A36 /* UAModifyTagsAction.h */ = {isa = PBXFileReference; fileEncoding = 4; lastKnownFileType = sourcecode.c.h; path = UAModifyTagsAction.h; sourceTree = "<group>"; };
		718C266419B74DD700B19A36 /* UAObservable.h */ = {isa = PBXFileReference; fileEncoding = 4; lastKnownFileType = sourcecode.c.h; path = UAObservable.h; sourceTree = "<group>"; };
		718C266519B74DD700B19A36 /* UAOpenExternalURLAction.h */ = {isa = PBXFileReference; fileEncoding = 4; lastKnownFileType = sourcecode.c.h; path = UAOpenExternalURLAction.h; sourceTree = "<group>"; };
		718C266619B74DD700B19A36 /* UAPushActionArguments.h */ = {isa = PBXFileReference; fileEncoding = 4; lastKnownFileType = sourcecode.c.h; path = UAPushActionArguments.h; sourceTree = "<group>"; };
		718C266719B74DD700B19A36 /* UARemoveTagsAction.h */ = {isa = PBXFileReference; fileEncoding = 4; lastKnownFileType = sourcecode.c.h; path = UARemoveTagsAction.h; sourceTree = "<group>"; };
		718C266819B74DD700B19A36 /* UARichContentWindow.h */ = {isa = PBXFileReference; fileEncoding = 4; lastKnownFileType = sourcecode.c.h; path = UARichContentWindow.h; sourceTree = "<group>"; };
		718C266919B74DD700B19A36 /* UASignificantChangeProvider.h */ = {isa = PBXFileReference; fileEncoding = 4; lastKnownFileType = sourcecode.c.h; path = UASignificantChangeProvider.h; sourceTree = "<group>"; };
		718C266A19B74DD700B19A36 /* UASQLite.h */ = {isa = PBXFileReference; fileEncoding = 4; lastKnownFileType = sourcecode.c.h; path = UASQLite.h; sourceTree = "<group>"; };
		718C266B19B74DD700B19A36 /* UAStandardLocationProvider.h */ = {isa = PBXFileReference; fileEncoding = 4; lastKnownFileType = sourcecode.c.h; path = UAStandardLocationProvider.h; sourceTree = "<group>"; };
		718C266C19B74DD700B19A36 /* UASyncAction.h */ = {isa = PBXFileReference; fileEncoding = 4; lastKnownFileType = sourcecode.c.h; path = UASyncAction.h; sourceTree = "<group>"; };
		718C266D19B74DD700B19A36 /* UATagUtils.h */ = {isa = PBXFileReference; fileEncoding = 4; lastKnownFileType = sourcecode.c.h; path = UATagUtils.h; sourceTree = "<group>"; };
		718C266E19B74DD700B19A36 /* UAURLProtocol.h */ = {isa = PBXFileReference; fileEncoding = 4; lastKnownFileType = sourcecode.c.h; path = UAURLProtocol.h; sourceTree = "<group>"; };
		718C266F19B74DD700B19A36 /* UAUser.h */ = {isa = PBXFileReference; fileEncoding = 4; lastKnownFileType = sourcecode.c.h; path = UAUser.h; sourceTree = "<group>"; };
		718C267019B74DD700B19A36 /* UAUserAPIClient.h */ = {isa = PBXFileReference; fileEncoding = 4; lastKnownFileType = sourcecode.c.h; path = UAUserAPIClient.h; sourceTree = "<group>"; };
		718C267119B74DD700B19A36 /* UAUserData.h */ = {isa = PBXFileReference; fileEncoding = 4; lastKnownFileType = sourcecode.c.h; path = UAUserData.h; sourceTree = "<group>"; };
		718C267219B74DD700B19A36 /* UAUtils.h */ = {isa = PBXFileReference; fileEncoding = 4; lastKnownFileType = sourcecode.c.h; path = UAUtils.h; sourceTree = "<group>"; };
		718C267319B74DD700B19A36 /* UAWebInvocationActionArguments.h */ = {isa = PBXFileReference; fileEncoding = 4; lastKnownFileType = sourcecode.c.h; path = UAWebInvocationActionArguments.h; sourceTree = "<group>"; };
		718C267419B74DD700B19A36 /* UAWebViewCallData.h */ = {isa = PBXFileReference; fileEncoding = 4; lastKnownFileType = sourcecode.c.h; path = UAWebViewCallData.h; sourceTree = "<group>"; };
		718C267519B74DD700B19A36 /* UAWebViewTools.h */ = {isa = PBXFileReference; fileEncoding = 4; lastKnownFileType = sourcecode.c.h; path = UAWebViewTools.h; sourceTree = "<group>"; };
		718C267619B74DD700B19A36 /* UIWebView+UAAdditions.h */ = {isa = PBXFileReference; fileEncoding = 4; lastKnownFileType = sourcecode.c.h; path = "UIWebView+UAAdditions.h"; sourceTree = "<group>"; };
		718C267819B74DD700B19A36 /* UA_Base64.h */ = {isa = PBXFileReference; fileEncoding = 4; lastKnownFileType = sourcecode.c.h; path = UA_Base64.h; sourceTree = "<group>"; };
		718C267919B74DD700B19A36 /* UA_Reachability.h */ = {isa = PBXFileReference; fileEncoding = 4; lastKnownFileType = sourcecode.c.h; path = UA_Reachability.h; sourceTree = "<group>"; };
		718C267B19B74DD700B19A36 /* UAInbox.h */ = {isa = PBXFileReference; fileEncoding = 4; lastKnownFileType = sourcecode.c.h; path = UAInbox.h; sourceTree = "<group>"; };
		718C267C19B74DD700B19A36 /* UAInboxAPIClient.h */ = {isa = PBXFileReference; fileEncoding = 4; lastKnownFileType = sourcecode.c.h; path = UAInboxAPIClient.h; sourceTree = "<group>"; };
		718C267D19B74DD700B19A36 /* UAInboxDBManager.h */ = {isa = PBXFileReference; fileEncoding = 4; lastKnownFileType = sourcecode.c.h; path = UAInboxDBManager.h; sourceTree = "<group>"; };
		718C267E19B74DD700B19A36 /* UAInboxDefaultJSDelegate.h */ = {isa = PBXFileReference; fileEncoding = 4; lastKnownFileType = sourcecode.c.h; path = UAInboxDefaultJSDelegate.h; sourceTree = "<group>"; };
		718C267F19B74DD700B19A36 /* UAInboxMessage.h */ = {isa = PBXFileReference; fileEncoding = 4; lastKnownFileType = sourcecode.c.h; path = UAInboxMessage.h; sourceTree = "<group>"; };
		718C268019B74DD700B19A36 /* UAInboxMessageData.h */ = {isa = PBXFileReference; fileEncoding = 4; lastKnownFileType = sourcecode.c.h; path = UAInboxMessageData.h; sourceTree = "<group>"; };
		718C268119B74DD700B19A36 /* UAInboxMessageList.h */ = {isa = PBXFileReference; fileEncoding = 4; lastKnownFileType = sourcecode.c.h; path = UAInboxMessageList.h; sourceTree = "<group>"; };
		718C268219B74DD700B19A36 /* UAInboxMessageListDelegate.h */ = {isa = PBXFileReference; fileEncoding = 4; lastKnownFileType = sourcecode.c.h; path = UAInboxMessageListDelegate.h; sourceTree = "<group>"; };
		718C268319B74DD700B19A36 /* UAInboxMessageListObserver.h */ = {isa = PBXFileReference; fileEncoding = 4; lastKnownFileType = sourcecode.c.h; path = UAInboxMessageListObserver.h; sourceTree = "<group>"; };
		718C268419B74DD700B19A36 /* UAInboxPushHandler.h */ = {isa = PBXFileReference; fileEncoding = 4; lastKnownFileType = sourcecode.c.h; path = UAInboxPushHandler.h; sourceTree = "<group>"; };
		718C268519B74DD700B19A36 /* UAInboxUtils.h */ = {isa = PBXFileReference; fileEncoding = 4; lastKnownFileType = sourcecode.c.h; path = UAInboxUtils.h; sourceTree = "<group>"; };
		718C268619B74DD700B19A36 /* UAJSONValueTransformer.h */ = {isa = PBXFileReference; fileEncoding = 4; lastKnownFileType = sourcecode.c.h; path = UAJSONValueTransformer.h; sourceTree = "<group>"; };
		718C268819B74DD700B19A36 /* UAChannelAPIClient.h */ = {isa = PBXFileReference; fileEncoding = 4; lastKnownFileType = sourcecode.c.h; path = UAChannelAPIClient.h; sourceTree = "<group>"; };
		718C268919B74DD700B19A36 /* UAChannelRegistrationPayload.h */ = {isa = PBXFileReference; fileEncoding = 4; lastKnownFileType = sourcecode.c.h; path = UAChannelRegistrationPayload.h; sourceTree = "<group>"; };
		718C268A19B74DD700B19A36 /* UADeviceAPIClient.h */ = {isa = PBXFileReference; fileEncoding = 4; lastKnownFileType = sourcecode.c.h; path = UADeviceAPIClient.h; sourceTree = "<group>"; };
		718C268B19B74DD700B19A36 /* UADeviceRegistrar.h */ = {isa = PBXFileReference; fileEncoding = 4; lastKnownFileType = sourcecode.c.h; path = UADeviceRegistrar.h; sourceTree = "<group>"; };
		718C268C19B74DD700B19A36 /* UADeviceRegistrationPayload.h */ = {isa = PBXFileReference; fileEncoding = 4; lastKnownFileType = sourcecode.c.h; path = UADeviceRegistrationPayload.h; sourceTree = "<group>"; };
		718C268D19B74DD700B19A36 /* UAPush.h */ = {isa = PBXFileReference; fileEncoding = 4; lastKnownFileType = sourcecode.c.h; path = UAPush.h; sourceTree = "<group>"; };
		718C269319B74DD700B19A36 /* UADateUtils.h */ = {isa = PBXFileReference; fileEncoding = 4; lastKnownFileType = sourcecode.c.h; path = UADateUtils.h; sourceTree = "<group>"; };
		718C269419B74DD700B19A36 /* UADateUtils.m */ = {isa = PBXFileReference; fileEncoding = 4; lastKnownFileType = sourcecode.c.objc; path = UADateUtils.m; sourceTree = "<group>"; };
		718C269519B74DD700B19A36 /* UAInboxAlertHandler.h */ = {isa = PBXFileReference; fileEncoding = 4; lastKnownFileType = sourcecode.c.h; path = UAInboxAlertHandler.h; sourceTree = "<group>"; };
		718C269619B74DD700B19A36 /* UAInboxAlertHandler.m */ = {isa = PBXFileReference; fileEncoding = 4; lastKnownFileType = sourcecode.c.objc; path = UAInboxAlertHandler.m; sourceTree = "<group>"; };
		718C269719B74DD700B19A36 /* UAInboxMessageListCell.h */ = {isa = PBXFileReference; fileEncoding = 4; lastKnownFileType = sourcecode.c.h; path = UAInboxMessageListCell.h; sourceTree = "<group>"; };
		718C269819B74DD700B19A36 /* UAInboxMessageListCell.m */ = {isa = PBXFileReference; fileEncoding = 4; lastKnownFileType = sourcecode.c.objc; path = UAInboxMessageListCell.m; sourceTree = "<group>"; };
		718C269919B74DD700B19A36 /* UAInboxMessageListController.h */ = {isa = PBXFileReference; fileEncoding = 4; lastKnownFileType = sourcecode.c.h; path = UAInboxMessageListController.h; sourceTree = "<group>"; };
		718C269A19B74DD700B19A36 /* UAInboxMessageListController.m */ = {isa = PBXFileReference; fileEncoding = 4; lastKnownFileType = sourcecode.c.objc; path = UAInboxMessageListController.m; sourceTree = "<group>"; };
		718C269B19B74DD700B19A36 /* UAInboxMessageViewController.h */ = {isa = PBXFileReference; fileEncoding = 4; lastKnownFileType = sourcecode.c.h; path = UAInboxMessageViewController.h; sourceTree = "<group>"; };
		718C269C19B74DD700B19A36 /* UAInboxMessageViewController.m */ = {isa = PBXFileReference; fileEncoding = 4; lastKnownFileType = sourcecode.c.objc; path = UAInboxMessageViewController.m; sourceTree = "<group>"; };
		718C269D19B74DD700B19A36 /* UAInboxNavUI.h */ = {isa = PBXFileReference; fileEncoding = 4; lastKnownFileType = sourcecode.c.h; path = UAInboxNavUI.h; sourceTree = "<group>"; };
		718C269E19B74DD700B19A36 /* UAInboxNavUI.m */ = {isa = PBXFileReference; fileEncoding = 4; lastKnownFileType = sourcecode.c.objc; path = UAInboxNavUI.m; sourceTree = "<group>"; };
		718C269F19B74DD700B19A36 /* UAInboxUI.h */ = {isa = PBXFileReference; fileEncoding = 4; lastKnownFileType = sourcecode.c.h; path = UAInboxUI.h; sourceTree = "<group>"; };
		718C26A019B74DD700B19A36 /* UAInboxUI.m */ = {isa = PBXFileReference; fileEncoding = 4; lastKnownFileType = sourcecode.c.objc; path = UAInboxUI.m; sourceTree = "<group>"; };
		718C26A319B74DD700B19A36 /* list-image-placeholder.png */ = {isa = PBXFileReference; lastKnownFileType = image.png; path = "list-image-placeholder.png"; sourceTree = "<group>"; };
		718C26A419B74DD700B19A36 /* list-image-placeholder@2x.png */ = {isa = PBXFileReference; lastKnownFileType = image.png; path = "list-image-placeholder@2x.png"; sourceTree = "<group>"; };
		718C26A519B74DD700B19A36 /* UAInboxLocalization.bundle */ = {isa = PBXFileReference; lastKnownFileType = "wrapper.plug-in"; path = UAInboxLocalization.bundle; sourceTree = "<group>"; };
		718C26A619B74DD700B19A36 /* UAInboxMessageListCell.xib */ = {isa = PBXFileReference; fileEncoding = 4; lastKnownFileType = file.xib; path = UAInboxMessageListCell.xib; sourceTree = "<group>"; };
		718C26A719B74DD700B19A36 /* UAInboxMessageListController.xib */ = {isa = PBXFileReference; fileEncoding = 4; lastKnownFileType = file.xib; path = UAInboxMessageListController.xib; sourceTree = "<group>"; };
		718C26A819B74DD700B19A36 /* UAInboxMessageViewController.xib */ = {isa = PBXFileReference; fileEncoding = 4; lastKnownFileType = file.xib; path = UAInboxMessageViewController.xib; sourceTree = "<group>"; };
		718C26AC19B74DD700B19A36 /* UALocationDemoAnnotation.h */ = {isa = PBXFileReference; fileEncoding = 4; lastKnownFileType = sourcecode.c.h; path = UALocationDemoAnnotation.h; sourceTree = "<group>"; };
		718C26AD19B74DD700B19A36 /* UALocationDemoAnnotation.m */ = {isa = PBXFileReference; fileEncoding = 4; lastKnownFileType = sourcecode.c.objc; path = UALocationDemoAnnotation.m; sourceTree = "<group>"; };
		718C26AE19B74DD700B19A36 /* UALocationSettingsViewController.h */ = {isa = PBXFileReference; fileEncoding = 4; lastKnownFileType = sourcecode.c.h; path = UALocationSettingsViewController.h; sourceTree = "<group>"; };
		718C26AF19B74DD700B19A36 /* UALocationSettingsViewController.m */ = {isa = PBXFileReference; fileEncoding = 4; lastKnownFileType = sourcecode.c.objc; path = UALocationSettingsViewController.m; sourceTree = "<group>"; };
		718C26B019B74DD700B19A36 /* UAMapPresentationController.h */ = {isa = PBXFileReference; fileEncoding = 4; lastKnownFileType = sourcecode.c.h; path = UAMapPresentationController.h; sourceTree = "<group>"; };
		718C26B119B74DD700B19A36 /* UAMapPresentationController.m */ = {isa = PBXFileReference; fileEncoding = 4; lastKnownFileType = sourcecode.c.objc; path = UAMapPresentationController.m; sourceTree = "<group>"; };
		718C26B219B74DD700B19A36 /* UAPushMoreSettingsViewController.h */ = {isa = PBXFileReference; fileEncoding = 4; lastKnownFileType = sourcecode.c.h; path = UAPushMoreSettingsViewController.h; sourceTree = "<group>"; };
		718C26B319B74DD700B19A36 /* UAPushMoreSettingsViewController.m */ = {isa = PBXFileReference; fileEncoding = 4; lastKnownFileType = sourcecode.c.objc; path = UAPushMoreSettingsViewController.m; sourceTree = "<group>"; };
		718C26B419B74DD700B19A36 /* UAPushNotificationHandler.h */ = {isa = PBXFileReference; fileEncoding = 4; lastKnownFileType = sourcecode.c.h; path = UAPushNotificationHandler.h; sourceTree = "<group>"; };
		718C26B519B74DD700B19A36 /* UAPushNotificationHandler.m */ = {isa = PBXFileReference; fileEncoding = 4; lastKnownFileType = sourcecode.c.objc; path = UAPushNotificationHandler.m; sourceTree = "<group>"; };
		718C26B619B74DD700B19A36 /* UAPushSettingsAddTagViewController.h */ = {isa = PBXFileReference; fileEncoding = 4; lastKnownFileType = sourcecode.c.h; path = UAPushSettingsAddTagViewController.h; sourceTree = "<group>"; };
		718C26B719B74DD700B19A36 /* UAPushSettingsAddTagViewController.m */ = {isa = PBXFileReference; fileEncoding = 4; lastKnownFileType = sourcecode.c.objc; path = UAPushSettingsAddTagViewController.m; sourceTree = "<group>"; };
		718C26B819B74DD700B19A36 /* UAPushSettingsAliasViewController.h */ = {isa = PBXFileReference; fileEncoding = 4; lastKnownFileType = sourcecode.c.h; path = UAPushSettingsAliasViewController.h; sourceTree = "<group>"; };
		718C26B919B74DD700B19A36 /* UAPushSettingsAliasViewController.m */ = {isa = PBXFileReference; fileEncoding = 4; lastKnownFileType = sourcecode.c.objc; path = UAPushSettingsAliasViewController.m; sourceTree = "<group>"; };
		718C26BA19B74DD700B19A36 /* UAPushSettingsChannelInfoViewController.h */ = {isa = PBXFileReference; fileEncoding = 4; lastKnownFileType = sourcecode.c.h; path = UAPushSettingsChannelInfoViewController.h; sourceTree = "<group>"; };
		718C26BB19B74DD700B19A36 /* UAPushSettingsChannelInfoViewController.m */ = {isa = PBXFileReference; fileEncoding = 4; lastKnownFileType = sourcecode.c.objc; path = UAPushSettingsChannelInfoViewController.m; sourceTree = "<group>"; };
		718C26BC19B74DD700B19A36 /* UAPushSettingsSoundsViewController.h */ = {isa = PBXFileReference; fileEncoding = 4; lastKnownFileType = sourcecode.c.h; path = UAPushSettingsSoundsViewController.h; sourceTree = "<group>"; };
		718C26BD19B74DD700B19A36 /* UAPushSettingsSoundsViewController.m */ = {isa = PBXFileReference; fileEncoding = 4; lastKnownFileType = sourcecode.c.objc; path = UAPushSettingsSoundsViewController.m; sourceTree = "<group>"; };
		718C26BE19B74DD700B19A36 /* UAPushSettingsTagsViewController.h */ = {isa = PBXFileReference; fileEncoding = 4; lastKnownFileType = sourcecode.c.h; path = UAPushSettingsTagsViewController.h; sourceTree = "<group>"; };
		718C26BF19B74DD700B19A36 /* UAPushSettingsTagsViewController.m */ = {isa = PBXFileReference; fileEncoding = 4; lastKnownFileType = sourcecode.c.objc; path = UAPushSettingsTagsViewController.m; sourceTree = "<group>"; };
		718C26C019B74DD700B19A36 /* UAPushSettingsTokenViewController.h */ = {isa = PBXFileReference; fileEncoding = 4; lastKnownFileType = sourcecode.c.h; path = UAPushSettingsTokenViewController.h; sourceTree = "<group>"; };
		718C26C119B74DD700B19A36 /* UAPushSettingsTokenViewController.m */ = {isa = PBXFileReference; fileEncoding = 4; lastKnownFileType = sourcecode.c.objc; path = UAPushSettingsTokenViewController.m; sourceTree = "<group>"; };
		718C26C219B74DD700B19A36 /* UAPushSettingsUserInfoViewController.h */ = {isa = PBXFileReference; fileEncoding = 4; lastKnownFileType = sourcecode.c.h; path = UAPushSettingsUserInfoViewController.h; sourceTree = "<group>"; };
		718C26C319B74DD700B19A36 /* UAPushSettingsUserInfoViewController.m */ = {isa = PBXFileReference; fileEncoding = 4; lastKnownFileType = sourcecode.c.objc; path = UAPushSettingsUserInfoViewController.m; sourceTree = "<group>"; };
		718C26C419B74DD700B19A36 /* UAPushSettingsViewController.h */ = {isa = PBXFileReference; fileEncoding = 4; lastKnownFileType = sourcecode.c.h; path = UAPushSettingsViewController.h; sourceTree = "<group>"; };
		718C26C519B74DD700B19A36 /* UAPushSettingsViewController.m */ = {isa = PBXFileReference; fileEncoding = 4; lastKnownFileType = sourcecode.c.objc; path = UAPushSettingsViewController.m; sourceTree = "<group>"; };
		718C26C619B74DD700B19A36 /* UAPushUI.h */ = {isa = PBXFileReference; fileEncoding = 4; lastKnownFileType = sourcecode.c.h; path = UAPushUI.h; sourceTree = "<group>"; };
		718C26C719B74DD700B19A36 /* UAPushUI.m */ = {isa = PBXFileReference; fileEncoding = 4; lastKnownFileType = sourcecode.c.objc; path = UAPushUI.m; sourceTree = "<group>"; };
		718C26CA19B74DD700B19A36 /* bottom-detail.png */ = {isa = PBXFileReference; lastKnownFileType = image.png; path = "bottom-detail.png"; sourceTree = "<group>"; };
		718C26CB19B74DD700B19A36 /* bottom-detail@2x.png */ = {isa = PBXFileReference; lastKnownFileType = image.png; path = "bottom-detail@2x.png"; sourceTree = "<group>"; };
		718C26CC19B74DD700B19A36 /* middle-detail.png */ = {isa = PBXFileReference; lastKnownFileType = image.png; path = "middle-detail.png"; sourceTree = "<group>"; };
		718C26CD19B74DD700B19A36 /* middle-detail@2x.png */ = {isa = PBXFileReference; lastKnownFileType = image.png; path = "middle-detail@2x.png"; sourceTree = "<group>"; };
		718C26CE19B74DD700B19A36 /* top-detail.png */ = {isa = PBXFileReference; lastKnownFileType = image.png; path = "top-detail.png"; sourceTree = "<group>"; };
		718C26CF19B74DD700B19A36 /* top-detail@2x.png */ = {isa = PBXFileReference; lastKnownFileType = image.png; path = "top-detail@2x.png"; sourceTree = "<group>"; };
		718C26D019B74DD700B19A36 /* UALocationSettingsViewController.xib */ = {isa = PBXFileReference; fileEncoding = 4; lastKnownFileType = file.xib; path = UALocationSettingsViewController.xib; sourceTree = "<group>"; };
		718C26D119B74DD700B19A36 /* UAMapPresentationViewController.xib */ = {isa = PBXFileReference; fileEncoding = 4; lastKnownFileType = file.xib; path = UAMapPresentationViewController.xib; sourceTree = "<group>"; };
		718C26D219B74DD700B19A36 /* UAPushLocalization.bundle */ = {isa = PBXFileReference; lastKnownFileType = "wrapper.plug-in"; path = UAPushLocalization.bundle; sourceTree = "<group>"; };
		718C26D319B74DD700B19A36 /* UAPushMoreSettingsView.xib */ = {isa = PBXFileReference; fileEncoding = 4; lastKnownFileType = file.xib; path = UAPushMoreSettingsView.xib; sourceTree = "<group>"; };
		718C26D419B74DD700B19A36 /* UAPushSettingsAddTagViewController.xib */ = {isa = PBXFileReference; fileEncoding = 4; lastKnownFileType = file.xib; path = UAPushSettingsAddTagViewController.xib; sourceTree = "<group>"; };
		718C26D519B74DD700B19A36 /* UAPushSettingsAliasView.xib */ = {isa = PBXFileReference; fileEncoding = 4; lastKnownFileType = file.xib; path = UAPushSettingsAliasView.xib; sourceTree = "<group>"; };
		718C26D619B74DD700B19A36 /* UAPushSettingsChannelInfoViewController.xib */ = {isa = PBXFileReference; fileEncoding = 4; lastKnownFileType = file.xib; path = UAPushSettingsChannelInfoViewController.xib; sourceTree = "<group>"; };
		718C26D719B74DD700B19A36 /* UAPushSettingsSoundsViewController.xib */ = {isa = PBXFileReference; fileEncoding = 4; lastKnownFileType = file.xib; path = UAPushSettingsSoundsViewController.xib; sourceTree = "<group>"; };
		718C26D819B74DD700B19A36 /* UAPushSettingsTagsViewController.xib */ = {isa = PBXFileReference; fileEncoding = 4; lastKnownFileType = file.xib; path = UAPushSettingsTagsViewController.xib; sourceTree = "<group>"; };
		718C26D919B74DD700B19A36 /* UAPushSettingsTokenView.xib */ = {isa = PBXFileReference; fileEncoding = 4; lastKnownFileType = file.xib; path = UAPushSettingsTokenView.xib; sourceTree = "<group>"; };
		718C26DA19B74DD700B19A36 /* UAPushSettingsUserInfoView.xib */ = {isa = PBXFileReference; fileEncoding = 4; lastKnownFileType = file.xib; path = UAPushSettingsUserInfoView.xib; sourceTree = "<group>"; };
		718C26DB19B74DD700B19A36 /* UAPushSettingsView.xib */ = {isa = PBXFileReference; fileEncoding = 4; lastKnownFileType = file.xib; path = UAPushSettingsView.xib; sourceTree = "<group>"; };
		B31B6D4E15C13D5200854074 /* libForgeModule.a */ = {isa = PBXFileReference; explicitFileType = archive.ar; includeInIndex = 0; path = libForgeModule.a; sourceTree = BUILT_PRODUCTS_DIR; };
		B31B6D5115C13D5200854074 /* Foundation.framework */ = {isa = PBXFileReference; lastKnownFileType = wrapper.framework; name = Foundation.framework; path = System/Library/Frameworks/Foundation.framework; sourceTree = SDKROOT; };
		B31B6D6D15C1467100854074 /* odr_ua.bundle */ = {isa = PBXFileReference; explicitFileType = wrapper.cfbundle; includeInIndex = 0; path = odr_ua.bundle; sourceTree = BUILT_PRODUCTS_DIR; };
		B31B6D6E15C1467100854074 /* CoreFoundation.framework */ = {isa = PBXFileReference; lastKnownFileType = wrapper.framework; name = CoreFoundation.framework; path = System/Library/Frameworks/CoreFoundation.framework; sourceTree = SDKROOT; };
		B37C3A5C162717A200B50A60 /* ForgeCore.framework */ = {isa = PBXFileReference; lastKnownFileType = wrapper.framework; name = ForgeCore.framework; path = ../ForgeCore.framework; sourceTree = "<group>"; };
		B3CC61EF1716ECB500A1A8EF /* urbanairship_API.h */ = {isa = PBXFileReference; fileEncoding = 4; lastKnownFileType = sourcecode.c.h; path = urbanairship_API.h; sourceTree = "<group>"; };
		B3CC61F01716ECB500A1A8EF /* urbanairship_API.m */ = {isa = PBXFileReference; fileEncoding = 4; lastKnownFileType = sourcecode.c.objc; path = urbanairship_API.m; sourceTree = "<group>"; };
		B3CC61F11716ECB500A1A8EF /* urbanairship_EventListener.h */ = {isa = PBXFileReference; fileEncoding = 4; lastKnownFileType = sourcecode.c.h; path = urbanairship_EventListener.h; sourceTree = "<group>"; };
		B3CC61F31716ECBB00A1A8EF /* urbanairship_EventListener.m */ = {isa = PBXFileReference; fileEncoding = 4; lastKnownFileType = sourcecode.c.objc; path = urbanairship_EventListener.m; sourceTree = "<group>"; };
		B3FC51F715C151E5003574D9 /* UIKit.framework */ = {isa = PBXFileReference; lastKnownFileType = wrapper.framework; name = UIKit.framework; path = System/Library/Frameworks/UIKit.framework; sourceTree = SDKROOT; };
		B3FC51FE15C1523D003574D9 /* CoreGraphics.framework */ = {isa = PBXFileReference; lastKnownFileType = wrapper.framework; name = CoreGraphics.framework; path = System/Library/Frameworks/CoreGraphics.framework; sourceTree = SDKROOT; };
		B3FC524115C177EA003574D9 /* AssetsLibrary.framework */ = {isa = PBXFileReference; lastKnownFileType = wrapper.framework; name = AssetsLibrary.framework; path = System/Library/Frameworks/AssetsLibrary.framework; sourceTree = SDKROOT; };
		B3FC524715C17B2C003574D9 /* SystemConfiguration.framework */ = {isa = PBXFileReference; lastKnownFileType = wrapper.framework; name = SystemConfiguration.framework; path = System/Library/Frameworks/SystemConfiguration.framework; sourceTree = SDKROOT; };
		C197C7AC17734BD6008FD463 /* UAAppDelegateSurrogate.m */ = {isa = PBXFileReference; fileEncoding = 4; lastKnownFileType = sourcecode.c.objc; path = UAAppDelegateSurrogate.m; sourceTree = "<group>"; };
		C197C7AD17734BD6008FD463 /* UAAppDelegateSurrogate.h */ = {isa = PBXFileReference; fileEncoding = 4; lastKnownFileType = sourcecode.c.h; path = UAAppDelegateSurrogate.h; sourceTree = "<group>"; };
/* End PBXFileReference section */

/* Begin PBXFrameworksBuildPhase section */
		B31B6D4B15C13D5200854074 /* Frameworks */ = {
			isa = PBXFrameworksBuildPhase;
			buildActionMask = 2147483647;
			files = (
				718C263419B74DC900B19A36 /* libUAirship-4.0.3.a in Frameworks */,
				B3FC524815C17B2C003574D9 /* SystemConfiguration.framework in Frameworks */,
				B3FC524215C177EA003574D9 /* AssetsLibrary.framework in Frameworks */,
				B3FC51FF15C1523D003574D9 /* CoreGraphics.framework in Frameworks */,
				B3FC51F815C151E5003574D9 /* UIKit.framework in Frameworks */,
				B31B6D5215C13D5200854074 /* Foundation.framework in Frameworks */,
				B37C3A5D162717A200B50A60 /* ForgeCore.framework in Frameworks */,
			);
			runOnlyForDeploymentPostprocessing = 0;
		};
		B31B6D6A15C1467100854074 /* Frameworks */ = {
			isa = PBXFrameworksBuildPhase;
			buildActionMask = 2147483647;
			files = (
				B31B6D6F15C1467100854074 /* CoreFoundation.framework in Frameworks */,
			);
			runOnlyForDeploymentPostprocessing = 0;
		};
/* End PBXFrameworksBuildPhase section */

/* Begin PBXGroup section */
		718C263219B74D7400B19A36 /* Airship */ = {
			isa = PBXGroup;
			children = (
				718C263519B74DD600B19A36 /* Common */,
				718C267719B74DD700B19A36 /* External */,
				718C267A19B74DD700B19A36 /* Inbox */,
				718C268719B74DD700B19A36 /* Push */,
				718C268E19B74DD700B19A36 /* UI */,
				718C263319B74DC900B19A36 /* libUAirship-4.0.3.a */,
			);
			name = Airship;
			sourceTree = "<group>";
		};
		718C263519B74DD600B19A36 /* Common */ = {
			isa = PBXGroup;
			children = (
				718C263619B74DD600B19A36 /* JS */,
				718C263819B74DD600B19A36 /* LandingPages */,
				718C263A19B74DD600B19A36 /* NSJSONSerialization+UAAdditions.h */,
				718C263B19B74DD600B19A36 /* NSString+UAURLEncoding.h */,
				718C263C19B74DD600B19A36 /* UAAction+Operators.h */,
				718C263D19B74DD600B19A36 /* UAAction.h */,
				718C263E19B74DD600B19A36 /* UAActionArguments.h */,
				718C263F19B74DD600B19A36 /* UAActionJSDelegate.h */,
				718C264019B74DD600B19A36 /* UAActionRegistry.h */,
				718C264119B74DD600B19A36 /* UAActionRegistryEntry.h */,
				718C264219B74DD600B19A36 /* UAActionResult.h */,
				718C264319B74DD600B19A36 /* UAActionRunner.h */,
				718C264419B74DD600B19A36 /* UAAddTagsAction.h */,
				718C264519B74DD600B19A36 /* UAAggregateActionResult.h */,
				718C264619B74DD600B19A36 /* UAAnalytics.h */,
				718C264719B74DD600B19A36 /* UAAnalyticsDBManager.h */,
				718C264819B74DD600B19A36 /* UAAppDelegate.h */,
				718C264919B74DD600B19A36 /* UAAppDelegateProxy.h */,
				718C264A19B74DD600B19A36 /* UAApplicationMetrics.h */,
				718C264B19B74DD600B19A36 /* UABaseLocationProvider.h */,
				718C264C19B74DD600B19A36 /* UABespokeCloseView.h */,
				718C264D19B74DD700B19A36 /* UABeveledLoadingIndicator.h */,
				718C264E19B74DD700B19A36 /* UACloseWindowAction.h */,
				718C264F19B74DD700B19A36 /* UAConfig.h */,
				718C265019B74DD700B19A36 /* UADelayOperation.h */,
				718C265119B74DD700B19A36 /* UADisposable.h */,
				718C265219B74DD700B19A36 /* UAEvent.h */,
				718C265319B74DD700B19A36 /* UAGlobal.h */,
				718C265419B74DD700B19A36 /* UAHTTPConnection.h */,
				718C265519B74DD700B19A36 /* UAHTTPConnectionOperation.h */,
				718C265619B74DD700B19A36 /* UAHTTPRequest.h */,
				718C265719B74DD700B19A36 /* UAHTTPRequestEngine.h */,
				718C265819B74DD700B19A36 /* UAIncomingPushAction.h */,
				718C265919B74DD700B19A36 /* UAIncomingRichPushAction.h */,
				718C265A19B74DD700B19A36 /* UAirship.h */,
				718C265B19B74DD700B19A36 /* UAJavaScriptDelegate.h */,
				718C265C19B74DD700B19A36 /* UAKeychainUtils.h */,
				718C265D19B74DD700B19A36 /* UALandingPageOverlayController.h */,
				718C265E19B74DD700B19A36 /* UALocationCommonValues.h */,
				718C265F19B74DD700B19A36 /* UALocationEvent.h */,
				718C266019B74DD700B19A36 /* UALocationProviderDelegate.h */,
				718C266119B74DD700B19A36 /* UALocationProviderProtocol.h */,
				718C266219B74DD700B19A36 /* UALocationService.h */,
				718C266319B74DD700B19A36 /* UAModifyTagsAction.h */,
				718C266419B74DD700B19A36 /* UAObservable.h */,
				718C266519B74DD700B19A36 /* UAOpenExternalURLAction.h */,
				718C266619B74DD700B19A36 /* UAPushActionArguments.h */,
				718C266719B74DD700B19A36 /* UARemoveTagsAction.h */,
				718C266819B74DD700B19A36 /* UARichContentWindow.h */,
				718C266919B74DD700B19A36 /* UASignificantChangeProvider.h */,
				718C266A19B74DD700B19A36 /* UASQLite.h */,
				718C266B19B74DD700B19A36 /* UAStandardLocationProvider.h */,
				718C266C19B74DD700B19A36 /* UASyncAction.h */,
				718C266D19B74DD700B19A36 /* UATagUtils.h */,
				718C266E19B74DD700B19A36 /* UAURLProtocol.h */,
				718C266F19B74DD700B19A36 /* UAUser.h */,
				718C267019B74DD700B19A36 /* UAUserAPIClient.h */,
				718C267119B74DD700B19A36 /* UAUserData.h */,
				718C267219B74DD700B19A36 /* UAUtils.h */,
				718C267319B74DD700B19A36 /* UAWebInvocationActionArguments.h */,
				718C267419B74DD700B19A36 /* UAWebViewCallData.h */,
				718C267519B74DD700B19A36 /* UAWebViewTools.h */,
				718C267619B74DD700B19A36 /* UIWebView+UAAdditions.h */,
			);
			name = Common;
			path = Airship/Common;
			sourceTree = "<group>";
		};
		718C263619B74DD600B19A36 /* JS */ = {
			isa = PBXGroup;
			children = (
				718C263719B74DD600B19A36 /* UANativeBridge.h */,
			);
			path = JS;
			sourceTree = "<group>";
		};
		718C263819B74DD600B19A36 /* LandingPages */ = {
			isa = PBXGroup;
			children = (
				718C263919B74DD600B19A36 /* UALandingPageAction.h */,
			);
			path = LandingPages;
			sourceTree = "<group>";
		};
		718C267719B74DD700B19A36 /* External */ = {
			isa = PBXGroup;
			children = (
				718C267819B74DD700B19A36 /* UA_Base64.h */,
				718C267919B74DD700B19A36 /* UA_Reachability.h */,
			);
			name = External;
			path = Airship/External;
			sourceTree = "<group>";
		};
		718C267A19B74DD700B19A36 /* Inbox */ = {
			isa = PBXGroup;
			children = (
				718C267B19B74DD700B19A36 /* UAInbox.h */,
				718C267C19B74DD700B19A36 /* UAInboxAPIClient.h */,
				718C267D19B74DD700B19A36 /* UAInboxDBManager.h */,
				718C267E19B74DD700B19A36 /* UAInboxDefaultJSDelegate.h */,
				718C267F19B74DD700B19A36 /* UAInboxMessage.h */,
				718C268019B74DD700B19A36 /* UAInboxMessageData.h */,
				718C268119B74DD700B19A36 /* UAInboxMessageList.h */,
				718C268219B74DD700B19A36 /* UAInboxMessageListDelegate.h */,
				718C268319B74DD700B19A36 /* UAInboxMessageListObserver.h */,
				718C268419B74DD700B19A36 /* UAInboxPushHandler.h */,
				718C268519B74DD700B19A36 /* UAInboxUtils.h */,
				718C268619B74DD700B19A36 /* UAJSONValueTransformer.h */,
			);
			name = Inbox;
			path = Airship/Inbox;
			sourceTree = "<group>";
		};
		718C268719B74DD700B19A36 /* Push */ = {
			isa = PBXGroup;
			children = (
				718C268819B74DD700B19A36 /* UAChannelAPIClient.h */,
				718C268919B74DD700B19A36 /* UAChannelRegistrationPayload.h */,
				718C268A19B74DD700B19A36 /* UADeviceAPIClient.h */,
				718C268B19B74DD700B19A36 /* UADeviceRegistrar.h */,
				718C268C19B74DD700B19A36 /* UADeviceRegistrationPayload.h */,
				718C268D19B74DD700B19A36 /* UAPush.h */,
			);
			name = Push;
			path = Airship/Push;
			sourceTree = "<group>";
		};
		718C268E19B74DD700B19A36 /* UI */ = {
			isa = PBXGroup;
			children = (
				718C268F19B74DD700B19A36 /* Default */,
			);
			name = UI;
			path = Airship/UI;
			sourceTree = "<group>";
		};
		718C268F19B74DD700B19A36 /* Default */ = {
			isa = PBXGroup;
			children = (
				718C269019B74DD700B19A36 /* Inbox */,
				718C26A919B74DD700B19A36 /* Push */,
			);
			path = Default;
			sourceTree = "<group>";
		};
		718C269019B74DD700B19A36 /* Inbox */ = {
			isa = PBXGroup;
			children = (
				718C269119B74DD700B19A36 /* Classes */,
				718C26A119B74DD700B19A36 /* Resources */,
			);
			path = Inbox;
			sourceTree = "<group>";
		};
		718C269119B74DD700B19A36 /* Classes */ = {
			isa = PBXGroup;
			children = (
				718C269219B74DD700B19A36 /* Shared */,
			);
			path = Classes;
			sourceTree = "<group>";
		};
		718C269219B74DD700B19A36 /* Shared */ = {
			isa = PBXGroup;
			children = (
				718C269319B74DD700B19A36 /* UADateUtils.h */,
				718C269419B74DD700B19A36 /* UADateUtils.m */,
				718C269519B74DD700B19A36 /* UAInboxAlertHandler.h */,
				718C269619B74DD700B19A36 /* UAInboxAlertHandler.m */,
				718C269719B74DD700B19A36 /* UAInboxMessageListCell.h */,
				718C269819B74DD700B19A36 /* UAInboxMessageListCell.m */,
				718C269919B74DD700B19A36 /* UAInboxMessageListController.h */,
				718C269A19B74DD700B19A36 /* UAInboxMessageListController.m */,
				718C269B19B74DD700B19A36 /* UAInboxMessageViewController.h */,
				718C269C19B74DD700B19A36 /* UAInboxMessageViewController.m */,
				718C269D19B74DD700B19A36 /* UAInboxNavUI.h */,
				718C269E19B74DD700B19A36 /* UAInboxNavUI.m */,
				718C269F19B74DD700B19A36 /* UAInboxUI.h */,
				718C26A019B74DD700B19A36 /* UAInboxUI.m */,
			);
			path = Shared;
			sourceTree = "<group>";
		};
		718C26A119B74DD700B19A36 /* Resources */ = {
			isa = PBXGroup;
			children = (
				718C26A219B74DD700B19A36 /* Shared */,
			);
			path = Resources;
			sourceTree = "<group>";
		};
		718C26A219B74DD700B19A36 /* Shared */ = {
			isa = PBXGroup;
			children = (
				718C26A319B74DD700B19A36 /* list-image-placeholder.png */,
				718C26A419B74DD700B19A36 /* list-image-placeholder@2x.png */,
				718C26A519B74DD700B19A36 /* UAInboxLocalization.bundle */,
				718C26A619B74DD700B19A36 /* UAInboxMessageListCell.xib */,
				718C26A719B74DD700B19A36 /* UAInboxMessageListController.xib */,
				718C26A819B74DD700B19A36 /* UAInboxMessageViewController.xib */,
			);
			path = Shared;
			sourceTree = "<group>";
		};
		718C26A919B74DD700B19A36 /* Push */ = {
			isa = PBXGroup;
			children = (
				718C26AA19B74DD700B19A36 /* Classes */,
				718C26C819B74DD700B19A36 /* Resources */,
			);
			path = Push;
			sourceTree = "<group>";
		};
		718C26AA19B74DD700B19A36 /* Classes */ = {
			isa = PBXGroup;
			children = (
				718C26AB19B74DD700B19A36 /* Shared */,
			);
			path = Classes;
			sourceTree = "<group>";
		};
		718C26AB19B74DD700B19A36 /* Shared */ = {
			isa = PBXGroup;
			children = (
				718C26AC19B74DD700B19A36 /* UALocationDemoAnnotation.h */,
				718C26AD19B74DD700B19A36 /* UALocationDemoAnnotation.m */,
				718C26AE19B74DD700B19A36 /* UALocationSettingsViewController.h */,
				718C26AF19B74DD700B19A36 /* UALocationSettingsViewController.m */,
				718C26B019B74DD700B19A36 /* UAMapPresentationController.h */,
				718C26B119B74DD700B19A36 /* UAMapPresentationController.m */,
				718C26B219B74DD700B19A36 /* UAPushMoreSettingsViewController.h */,
				718C26B319B74DD700B19A36 /* UAPushMoreSettingsViewController.m */,
				718C26B419B74DD700B19A36 /* UAPushNotificationHandler.h */,
				718C26B519B74DD700B19A36 /* UAPushNotificationHandler.m */,
				718C26B619B74DD700B19A36 /* UAPushSettingsAddTagViewController.h */,
				718C26B719B74DD700B19A36 /* UAPushSettingsAddTagViewController.m */,
				718C26B819B74DD700B19A36 /* UAPushSettingsAliasViewController.h */,
				718C26B919B74DD700B19A36 /* UAPushSettingsAliasViewController.m */,
				718C26BA19B74DD700B19A36 /* UAPushSettingsChannelInfoViewController.h */,
				718C26BB19B74DD700B19A36 /* UAPushSettingsChannelInfoViewController.m */,
				718C26BC19B74DD700B19A36 /* UAPushSettingsSoundsViewController.h */,
				718C26BD19B74DD700B19A36 /* UAPushSettingsSoundsViewController.m */,
				718C26BE19B74DD700B19A36 /* UAPushSettingsTagsViewController.h */,
				718C26BF19B74DD700B19A36 /* UAPushSettingsTagsViewController.m */,
				718C26C019B74DD700B19A36 /* UAPushSettingsTokenViewController.h */,
				718C26C119B74DD700B19A36 /* UAPushSettingsTokenViewController.m */,
				718C26C219B74DD700B19A36 /* UAPushSettingsUserInfoViewController.h */,
				718C26C319B74DD700B19A36 /* UAPushSettingsUserInfoViewController.m */,
				718C26C419B74DD700B19A36 /* UAPushSettingsViewController.h */,
				718C26C519B74DD700B19A36 /* UAPushSettingsViewController.m */,
				718C26C619B74DD700B19A36 /* UAPushUI.h */,
				718C26C719B74DD700B19A36 /* UAPushUI.m */,
			);
			path = Shared;
			sourceTree = "<group>";
		};
		718C26C819B74DD700B19A36 /* Resources */ = {
			isa = PBXGroup;
			children = (
				718C26C919B74DD700B19A36 /* Shared */,
			);
			path = Resources;
			sourceTree = "<group>";
		};
		718C26C919B74DD700B19A36 /* Shared */ = {
			isa = PBXGroup;
			children = (
				718C26CA19B74DD700B19A36 /* bottom-detail.png */,
				718C26CB19B74DD700B19A36 /* bottom-detail@2x.png */,
				718C26CC19B74DD700B19A36 /* middle-detail.png */,
				718C26CD19B74DD700B19A36 /* middle-detail@2x.png */,
				718C26CE19B74DD700B19A36 /* top-detail.png */,
				718C26CF19B74DD700B19A36 /* top-detail@2x.png */,
				718C26D019B74DD700B19A36 /* UALocationSettingsViewController.xib */,
				718C26D119B74DD700B19A36 /* UAMapPresentationViewController.xib */,
				718C26D219B74DD700B19A36 /* UAPushLocalization.bundle */,
				718C26D319B74DD700B19A36 /* UAPushMoreSettingsView.xib */,
				718C26D419B74DD700B19A36 /* UAPushSettingsAddTagViewController.xib */,
				718C26D519B74DD700B19A36 /* UAPushSettingsAliasView.xib */,
				718C26D619B74DD700B19A36 /* UAPushSettingsChannelInfoViewController.xib */,
				718C26D719B74DD700B19A36 /* UAPushSettingsSoundsViewController.xib */,
				718C26D819B74DD700B19A36 /* UAPushSettingsTagsViewController.xib */,
				718C26D919B74DD700B19A36 /* UAPushSettingsTokenView.xib */,
				718C26DA19B74DD700B19A36 /* UAPushSettingsUserInfoView.xib */,
				718C26DB19B74DD700B19A36 /* UAPushSettingsView.xib */,
			);
			path = Shared;
			sourceTree = "<group>";
		};
		B31B6D4315C13D5200854074 = {
			isa = PBXGroup;
			children = (
				718C263219B74D7400B19A36 /* Airship */,
				C197C7AC17734BD6008FD463 /* UAAppDelegateSurrogate.m */,
				C197C7AD17734BD6008FD463 /* UAAppDelegateSurrogate.h */,
				B3CC61EF1716ECB500A1A8EF /* urbanairship_API.h */,
				B3CC61F01716ECB500A1A8EF /* urbanairship_API.m */,
				B3CC61F11716ECB500A1A8EF /* urbanairship_EventListener.h */,
				B3CC61F31716ECBB00A1A8EF /* urbanairship_EventListener.m */,
				B31B6D5015C13D5200854074 /* Frameworks */,
				B31B6D4F15C13D5200854074 /* Products */,
			);
			sourceTree = "<group>";
		};
		B31B6D4F15C13D5200854074 /* Products */ = {
			isa = PBXGroup;
			children = (
				B31B6D4E15C13D5200854074 /* libForgeModule.a */,
				B31B6D6D15C1467100854074 /* odr_ua.bundle */,
			);
			name = Products;
			sourceTree = "<group>";
		};
		B31B6D5015C13D5200854074 /* Frameworks */ = {
			isa = PBXGroup;
			children = (
				B37C3A5C162717A200B50A60 /* ForgeCore.framework */,
				B3FC524715C17B2C003574D9 /* SystemConfiguration.framework */,
				B3FC524115C177EA003574D9 /* AssetsLibrary.framework */,
				B3FC51FE15C1523D003574D9 /* CoreGraphics.framework */,
				B3FC51F715C151E5003574D9 /* UIKit.framework */,
				B31B6D5115C13D5200854074 /* Foundation.framework */,
				B31B6D6E15C1467100854074 /* CoreFoundation.framework */,
			);
			name = Frameworks;
			sourceTree = "<group>";
		};
/* End PBXGroup section */

/* Begin PBXNativeTarget section */
		B31B6D4D15C13D5200854074 /* ForgeModule */ = {
			isa = PBXNativeTarget;
			buildConfigurationList = B31B6D5C15C13D5200854074 /* Build configuration list for PBXNativeTarget "ForgeModule" */;
			buildPhases = (
				B31B6D4A15C13D5200854074 /* Sources */,
				B31B6D4B15C13D5200854074 /* Frameworks */,
			);
			buildRules = (
			);
			dependencies = (
			);
			name = ForgeModule;
			productName = ForgeCore;
			productReference = B31B6D4E15C13D5200854074 /* libForgeModule.a */;
			productType = "com.apple.product-type.library.static";
		};
		B31B6D6C15C1467100854074 /* ForgeModuleResources */ = {
			isa = PBXNativeTarget;
			buildConfigurationList = B31B6D7715C1467100854074 /* Build configuration list for PBXNativeTarget "ForgeModuleResources" */;
			buildPhases = (
				B31B6D6915C1467100854074 /* Sources */,
				B31B6D6A15C1467100854074 /* Frameworks */,
				B31B6D6B15C1467100854074 /* Resources */,
			);
			buildRules = (
			);
			dependencies = (
			);
			name = ForgeModuleResources;
			productName = ForgeCoreResources;
			productReference = B31B6D6D15C1467100854074 /* odr_ua.bundle */;
			productType = "com.apple.product-type.bundle";
		};
/* End PBXNativeTarget section */

/* Begin PBXProject section */
		B31B6D4515C13D5200854074 /* Project object */ = {
			isa = PBXProject;
			attributes = {
				LastUpgradeCheck = 0600;
				ORGANIZATIONNAME = "Trigger Corp";
			};
			buildConfigurationList = B31B6D4815C13D5200854074 /* Build configuration list for PBXProject "ForgeModule" */;
			compatibilityVersion = "Xcode 3.2";
			developmentRegion = English;
			hasScannedForEncodings = 0;
			knownRegions = (
				en,
			);
			mainGroup = B31B6D4315C13D5200854074;
			productRefGroup = B31B6D4F15C13D5200854074 /* Products */;
			projectDirPath = "";
			projectRoot = "";
			targets = (
				B31B6D4D15C13D5200854074 /* ForgeModule */,
				B31B6D6C15C1467100854074 /* ForgeModuleResources */,
			);
		};
/* End PBXProject section */

/* Begin PBXResourcesBuildPhase section */
		B31B6D6B15C1467100854074 /* Resources */ = {
			isa = PBXResourcesBuildPhase;
			buildActionMask = 2147483647;
			files = (
			);
			runOnlyForDeploymentPostprocessing = 0;
		};
/* End PBXResourcesBuildPhase section */

/* Begin PBXSourcesBuildPhase section */
		B31B6D4A15C13D5200854074 /* Sources */ = {
			isa = PBXSourcesBuildPhase;
			buildActionMask = 2147483647;
			files = (
				B3CC61F21716ECB500A1A8EF /* urbanairship_API.m in Sources */,
				718C26DF19B74DD700B19A36 /* UAInboxMessageListController.m in Sources */,
				718C26EC19B74DD700B19A36 /* UAPushSettingsTagsViewController.m in Sources */,
				718C26E619B74DD700B19A36 /* UAPushMoreSettingsViewController.m in Sources */,
				718C26EA19B74DD700B19A36 /* UAPushSettingsChannelInfoViewController.m in Sources */,
				718C26E719B74DD700B19A36 /* UAPushNotificationHandler.m in Sources */,
				718C26E219B74DD700B19A36 /* UAInboxUI.m in Sources */,
				718C26E519B74DD700B19A36 /* UAMapPresentationController.m in Sources */,
				718C26DC19B74DD700B19A36 /* UADateUtils.m in Sources */,
				718C26E419B74DD700B19A36 /* UALocationSettingsViewController.m in Sources */,
				718C26E019B74DD700B19A36 /* UAInboxMessageViewController.m in Sources */,
				718C26E119B74DD700B19A36 /* UAInboxNavUI.m in Sources */,
				718C26ED19B74DD700B19A36 /* UAPushSettingsTokenViewController.m in Sources */,
				718C26E819B74DD700B19A36 /* UAPushSettingsAddTagViewController.m in Sources */,
				718C26E319B74DD700B19A36 /* UALocationDemoAnnotation.m in Sources */,
				718C26E919B74DD700B19A36 /* UAPushSettingsAliasViewController.m in Sources */,
				718C26DE19B74DD700B19A36 /* UAInboxMessageListCell.m in Sources */,
				718C26F019B74DD700B19A36 /* UAPushUI.m in Sources */,
				B3CC61F41716ECBB00A1A8EF /* urbanairship_EventListener.m in Sources */,
				718C26EE19B74DD700B19A36 /* UAPushSettingsUserInfoViewController.m in Sources */,
				718C26EF19B74DD700B19A36 /* UAPushSettingsViewController.m in Sources */,
				C197C7AE17734BD6008FD463 /* UAAppDelegateSurrogate.m in Sources */,
				718C26DD19B74DD700B19A36 /* UAInboxAlertHandler.m in Sources */,
				718C26EB19B74DD700B19A36 /* UAPushSettingsSoundsViewController.m in Sources */,
			);
			runOnlyForDeploymentPostprocessing = 0;
		};
		B31B6D6915C1467100854074 /* Sources */ = {
			isa = PBXSourcesBuildPhase;
			buildActionMask = 2147483647;
			files = (
			);
			runOnlyForDeploymentPostprocessing = 0;
		};
/* End PBXSourcesBuildPhase section */

/* Begin XCBuildConfiguration section */
		B31B6D5A15C13D5200854074 /* Debug */ = {
			isa = XCBuildConfiguration;
			buildSettings = {
				ALWAYS_SEARCH_USER_PATHS = YES;
				CLANG_CXX_LANGUAGE_STANDARD = "gnu++0x";
				CLANG_ENABLE_OBJC_ARC = YES;
				CLANG_WARN_BOOL_CONVERSION = YES;
				CLANG_WARN_CONSTANT_CONVERSION = YES;
				CLANG_WARN_EMPTY_BODY = YES;
				CLANG_WARN_ENUM_CONVERSION = YES;
				CLANG_WARN_INT_CONVERSION = YES;
				CLANG_WARN_UNREACHABLE_CODE = YES;
				CLANG_WARN__DUPLICATE_METHOD_MATCH = YES;
				COPY_PHASE_STRIP = NO;
				ENABLE_STRICT_OBJC_MSGSEND = YES;
				GCC_C_LANGUAGE_STANDARD = gnu99;
				GCC_DYNAMIC_NO_PIC = NO;
				GCC_OPTIMIZATION_LEVEL = 0;
				GCC_PREPROCESSOR_DEFINITIONS = (
					"DEBUG=1",
					"$(inherited)",
				);
				GCC_SYMBOLS_PRIVATE_EXTERN = NO;
				GCC_VERSION = com.apple.compilers.llvm.clang.1_0;
				GCC_WARN_64_TO_32_BIT_CONVERSION = YES;
				GCC_WARN_ABOUT_RETURN_TYPE = YES;
				GCC_WARN_UNDECLARED_SELECTOR = YES;
				GCC_WARN_UNINITIALIZED_AUTOS = YES;
				GCC_WARN_UNUSED_FUNCTION = YES;
				GCC_WARN_UNUSED_VARIABLE = YES;
				IPHONEOS_DEPLOYMENT_TARGET = 6.0;
				ONLY_ACTIVE_ARCH = YES;
				SDKROOT = iphoneos;
				VALID_ARCHS = "armv7 armv7s arm64 i386 x86_64";
			};
			name = Debug;
		};
		B31B6D5B15C13D5200854074 /* Release */ = {
			isa = XCBuildConfiguration;
			buildSettings = {
				ALWAYS_SEARCH_USER_PATHS = YES;
				CLANG_CXX_LANGUAGE_STANDARD = "gnu++0x";
				CLANG_ENABLE_OBJC_ARC = YES;
				CLANG_WARN_BOOL_CONVERSION = YES;
				CLANG_WARN_CONSTANT_CONVERSION = YES;
				CLANG_WARN_EMPTY_BODY = YES;
				CLANG_WARN_ENUM_CONVERSION = YES;
				CLANG_WARN_INT_CONVERSION = YES;
				CLANG_WARN_UNREACHABLE_CODE = YES;
				CLANG_WARN__DUPLICATE_METHOD_MATCH = YES;
				COPY_PHASE_STRIP = YES;
				ENABLE_STRICT_OBJC_MSGSEND = YES;
				GCC_C_LANGUAGE_STANDARD = gnu99;
				GCC_VERSION = com.apple.compilers.llvm.clang.1_0;
				GCC_WARN_64_TO_32_BIT_CONVERSION = YES;
				GCC_WARN_ABOUT_RETURN_TYPE = YES;
				GCC_WARN_UNDECLARED_SELECTOR = YES;
				GCC_WARN_UNINITIALIZED_AUTOS = YES;
				GCC_WARN_UNUSED_FUNCTION = YES;
				GCC_WARN_UNUSED_VARIABLE = YES;
				IPHONEOS_DEPLOYMENT_TARGET = 6.0;
				SDKROOT = iphoneos;
				VALIDATE_PRODUCT = YES;
				VALID_ARCHS = "armv7 armv7s arm64 i386 x86_64";
			};
			name = Release;
		};
		B31B6D5D15C13D5200854074 /* Debug */ = {
			isa = XCBuildConfiguration;
			buildSettings = {
				CODE_SIGN_IDENTITY = "iPhone Developer: Pete Hobson (45TGF7V3QL)";
				COPY_PHASE_STRIP = NO;
				DEAD_CODE_STRIPPING = NO;
				FRAMEWORK_SEARCH_PATHS = (
					"$(inherited)",
					"\"$(SRCROOT)\"",
					"\"$(SRCROOT)/..\"",
				);
				GCC_PRECOMPILE_PREFIX_HEADER = YES;
				GCC_PREFIX_HEADER = "ForgeModule-Prefix.pch";
				HEADER_SEARCH_PATHS = "./**";
				LIBRARY_SEARCH_PATHS = (
					"$(inherited)",
					"\"$(SRCROOT)/Airship\"",
					"$(PROJECT_DIR)/Airship",
				);
				OTHER_LDFLAGS = "-ObjC";
				PRODUCT_NAME = "$(TARGET_NAME)";
				PROVISIONING_PROFILE = "1BD7ABAC-F3F6-40AB-897C-D0E8B9BA29A1";
				SDKROOT = iphoneos;
				SKIP_INSTALL = YES;
				STRIP_STYLE = "non-global";
			};
			name = Debug;
		};
		B31B6D5E15C13D5200854074 /* Release */ = {
			isa = XCBuildConfiguration;
			buildSettings = {
				CODE_SIGN_IDENTITY = "iPhone Developer: Pete Hobson (45TGF7V3QL)";
				COPY_PHASE_STRIP = NO;
				DEAD_CODE_STRIPPING = NO;
				FRAMEWORK_SEARCH_PATHS = (
					"$(inherited)",
					"\"$(SRCROOT)\"",
					"\"$(SRCROOT)/..\"",
				);
				GCC_PRECOMPILE_PREFIX_HEADER = YES;
				GCC_PREFIX_HEADER = "ForgeModule-Prefix.pch";
				HEADER_SEARCH_PATHS = "./**";
				LIBRARY_SEARCH_PATHS = (
					"$(inherited)",
					"\"$(SRCROOT)/Airship\"",
					"$(PROJECT_DIR)/Airship",
				);
				OTHER_LDFLAGS = "-ObjC";
				PRODUCT_NAME = "$(TARGET_NAME)";
				PROVISIONING_PROFILE = "1BD7ABAC-F3F6-40AB-897C-D0E8B9BA29A1";
				SDKROOT = iphoneos;
				SKIP_INSTALL = YES;
				STRIP_STYLE = "non-global";
			};
			name = Release;
		};
		B31B6D7815C1467100854074 /* Debug */ = {
			isa = XCBuildConfiguration;
			buildSettings = {
				FRAMEWORK_SEARCH_PATHS = (
					"$(inherited)",
					"\"$(SRCROOT)\"",
				);
				GCC_ENABLE_OBJC_EXCEPTIONS = YES;
				GCC_PRECOMPILE_PREFIX_HEADER = YES;
				GCC_PREFIX_HEADER = "";
				GCC_WARN_64_TO_32_BIT_CONVERSION = YES;
				INFOPLIST_FILE = "";
				INSTALL_PATH = "$(LOCAL_LIBRARY_DIR)/Bundles";
				MACOSX_DEPLOYMENT_TARGET = 10.7;
				ONLY_ACTIVE_ARCH = NO;
				PRODUCT_NAME = odr_ua;
				SDKROOT = iphoneos;
				WRAPPER_EXTENSION = bundle;
			};
			name = Debug;
		};
		B31B6D7915C1467100854074 /* Release */ = {
			isa = XCBuildConfiguration;
			buildSettings = {
				DEBUG_INFORMATION_FORMAT = "dwarf-with-dsym";
				FRAMEWORK_SEARCH_PATHS = (
					"$(inherited)",
					"\"$(SRCROOT)\"",
				);
				GCC_ENABLE_OBJC_EXCEPTIONS = YES;
				GCC_PRECOMPILE_PREFIX_HEADER = YES;
				GCC_PREFIX_HEADER = "";
				GCC_WARN_64_TO_32_BIT_CONVERSION = YES;
				INFOPLIST_FILE = "";
				INSTALL_PATH = "$(LOCAL_LIBRARY_DIR)/Bundles";
				MACOSX_DEPLOYMENT_TARGET = 10.7;
				ONLY_ACTIVE_ARCH = NO;
				PRODUCT_NAME = odr_ua;
				SDKROOT = iphoneos;
				WRAPPER_EXTENSION = bundle;
			};
			name = Release;
		};
/* End XCBuildConfiguration section */

/* Begin XCConfigurationList section */
		B31B6D4815C13D5200854074 /* Build configuration list for PBXProject "ForgeModule" */ = {
			isa = XCConfigurationList;
			buildConfigurations = (
				B31B6D5A15C13D5200854074 /* Debug */,
				B31B6D5B15C13D5200854074 /* Release */,
			);
			defaultConfigurationIsVisible = 0;
			defaultConfigurationName = Release;
		};
		B31B6D5C15C13D5200854074 /* Build configuration list for PBXNativeTarget "ForgeModule" */ = {
			isa = XCConfigurationList;
			buildConfigurations = (
				B31B6D5D15C13D5200854074 /* Debug */,
				B31B6D5E15C13D5200854074 /* Release */,
			);
			defaultConfigurationIsVisible = 0;
			defaultConfigurationName = Release;
		};
		B31B6D7715C1467100854074 /* Build configuration list for PBXNativeTarget "ForgeModuleResources" */ = {
			isa = XCConfigurationList;
			buildConfigurations = (
				B31B6D7815C1467100854074 /* Debug */,
				B31B6D7915C1467100854074 /* Release */,
			);
			defaultConfigurationIsVisible = 0;
			defaultConfigurationName = Release;
		};
/* End XCConfigurationList section */
	};
	rootObject = B31B6D4515C13D5200854074 /* Project object */;
}
